
Microsoft Visual Studio Solution File, Format Version 12.00
# Visual Studio Version 17
VisualStudioVersion = 17.4.33213.308
MinimumVisualStudioVersion = 10.0.40219.1
Project("{FAE04EC0-301F-11D3-BF4B-00C04F79EFBC}") = "EfCore", "EfCore\EfCore.csproj", "{776B4780-576E-48D9-AB1E-7F37A4CE7D0E}"
EndProject
Project("{FAE04EC0-301F-11D3-BF4B-00C04F79EFBC}") = "Web", "Web\Web.csproj", "{63A7A524-DC2B-4A2D-8453-771997168CF3}"
EndProject
Global
	GlobalSection(SolutionConfigurationPlatforms) = preSolution
		Debug|Any CPU = Debug|Any CPU
		Release|Any CPU = Release|Any CPU
	EndGlobalSection
	GlobalSection(ProjectConfigurationPlatforms) = postSolution
		{776B4780-576E-48D9-AB1E-7F37A4CE7D0E}.Debug|Any CPU.ActiveCfg = Debug|Any CPU
		{776B4780-576E-48D9-AB1E-7F37A4CE7D0E}.Debug|Any CPU.Build.0 = Debug|Any CPU
		{776B4780-576E-48D9-AB1E-7F37A4CE7D0E}.Release|Any CPU.ActiveCfg = Release|Any CPU
		{776B4780-576E-48D9-AB1E-7F37A4CE7D0E}.Release|Any CPU.Build.0 = Release|Any CPU
		{63A7A524-DC2B-4A2D-8453-771997168CF3}.Debug|Any CPU.ActiveCfg = Debug|Any CPU
		{63A7A524-DC2B-4A2D-8453-771997168CF3}.Debug|Any CPU.Build.0 = Debug|Any CPU
		{63A7A524-DC2B-4A2D-8453-771997168CF3}.Release|Any CPU.ActiveCfg = Release|Any CPU
		{63A7A524-DC2B-4A2D-8453-771997168CF3}.Release|Any CPU.Build.0 = Release|Any CPU
	EndGlobalSection
	GlobalSection(SolutionProperties) = preSolution
		HideSolutionNode = FALSE
	EndGlobalSection
	GlobalSection(ExtensibilityGlobals) = postSolution
		SolutionGuid = {04FEAF8A-5D18-4C4A-A25F-B8C8790EBAA8}
	EndGlobalSection
EndGlobal
